
Microsoft Visual Studio Solution File, Format Version 12.00
# Visual Studio 15
VisualStudioVersion = 15.0.28010.2019
MinimumVisualStudioVersion = 10.0.40219.1
Project("{FAE04EC0-301F-11D3-BF4B-00C04F79EFBC}") = "MidTerm", "MidTerm\MidTerm.csproj", "{2BBB3E12-42E1-4366-91C9-04335246C60B}"
EndProject
Global
	GlobalSection(SolutionConfigurationPlatforms) = preSolution
		Debug|Any CPU = Debug|Any CPU
		Release|Any CPU = Release|Any CPU
	EndGlobalSection
	GlobalSection(ProjectConfigurationPlatforms) = postSolution
		{2BBB3E12-42E1-4366-91C9-04335246C60B}.Debug|Any CPU.ActiveCfg = Debug|Any CPU
		{2BBB3E12-42E1-4366-91C9-04335246C60B}.Debug|Any CPU.Build.0 = Debug|Any CPU
		{2BBB3E12-42E1-4366-91C9-04335246C60B}.Debug|Any CPU.Deploy.0 = Debug|Any CPU
		{2BBB3E12-42E1-4366-91C9-04335246C60B}.Release|Any CPU.ActiveCfg = Release|Any CPU
		{2BBB3E12-42E1-4366-91C9-04335246C60B}.Release|Any CPU.Build.0 = Release|Any CPU
		{2BBB3E12-42E1-4366-91C9-04335246C60B}.Release|Any CPU.Deploy.0 = Release|Any CPU
	EndGlobalSection
	GlobalSection(SolutionProperties) = preSolution
		HideSolutionNode = FALSE
	EndGlobalSection
	GlobalSection(ExtensibilityGlobals) = postSolution
		SolutionGuid = {B5322FF1-EAAF-4B97-A660-E123C1E1B038}
	EndGlobalSection
EndGlobal
